{
  "https://firebasestorage.googleapis.com/v0/b/athena-pcte.appspot.com/o/backgroundNightCity.mp4?alt=media&token=3f4adedb-5a09-452b-95e6-84ea805b04c6": { "integrity": "sha512-AIfegssfuTyHkAv+1TrvKf9STGfIvjAFMRxNfy4BGrvMQwU1eBXszcG8sDpkOJaon2koB6iycgKYBkIGDPWzcA==", "contentType": "video/mp4" },
  "version": 1
}
